
Microsoft Visual Studio Solution File, Format Version 12.00
# Visual Studio 2013
VisualStudioVersion = 12.0.30501.0
MinimumVisualStudioVersion = 10.0.40219.1
Project("{FAE04EC0-301F-11D3-BF4B-00C04F79EFBC}") = "OnlineShoppingStore.Domain", "OnlineShoppingStore.Domain\OnlineShoppingStore.Domain.csproj", "{0EC4816C-DC26-431B-99A8-D4BD41394B37}"
EndProject
Project("{FAE04EC0-301F-11D3-BF4B-00C04F79EFBC}") = "OnlineShoppingStore.WebUI", "OnlineShoppingStore.WebUI\OnlineShoppingStore.WebUI.csproj", "{B610B6E1-21A1-4345-B67B-FEE2ABF13177}"
EndProject
Global
	GlobalSection(SolutionConfigurationPlatforms) = preSolution
		Debug|Any CPU = Debug|Any CPU
		Release|Any CPU = Release|Any CPU
	EndGlobalSection
	GlobalSection(ProjectConfigurationPlatforms) = postSolution
		{0EC4816C-DC26-431B-99A8-D4BD41394B37}.Debug|Any CPU.ActiveCfg = Debug|Any CPU
		{0EC4816C-DC26-431B-99A8-D4BD41394B37}.Debug|Any CPU.Build.0 = Debug|Any CPU
		{0EC4816C-DC26-431B-99A8-D4BD41394B37}.Release|Any CPU.ActiveCfg = Release|Any CPU
		{0EC4816C-DC26-431B-99A8-D4BD41394B37}.Release|Any CPU.Build.0 = Release|Any CPU
		{B610B6E1-21A1-4345-B67B-FEE2ABF13177}.Debug|Any CPU.ActiveCfg = Debug|Any CPU
		{B610B6E1-21A1-4345-B67B-FEE2ABF13177}.Debug|Any CPU.Build.0 = Debug|Any CPU
		{B610B6E1-21A1-4345-B67B-FEE2ABF13177}.Release|Any CPU.ActiveCfg = Release|Any CPU
		{B610B6E1-21A1-4345-B67B-FEE2ABF13177}.Release|Any CPU.Build.0 = Release|Any CPU
	EndGlobalSection
	GlobalSection(SolutionProperties) = preSolution
		HideSolutionNode = FALSE
	EndGlobalSection
EndGlobal
